{
  "name": "proyecto",
  "version": "1.0.0",
  "lockfileVersion": 3,
  "requires": true,
  "packages": {
    "": {
      "name": "proyecto",
      "version": "1.0.0",
      "license": "ISC",
      "dependencies": {
        "proyecto": "^1.0.3"
      }
    },
    "node_modules/proyecto": {
      "version": "1.0.3",
      "resolved": "https://registry.npmjs.org/proyecto/-/proyecto-1.0.3.tgz",
      "integrity": "sha512-rNPvutJ46XK7OYCSuqIWJuIyvbCwbMNTGh9GKkUBGLM2qBpyZE9Tlgd410kVrCPXfb7OvftUPsXgcmMrL18jUw=="
    }
  }
}
